// !$*UTF8*$!
{
	archiveVersion = 1;
	classes = {
	};
	objectVersion = 50;
	objects = {

/* Begin PBXBuildFile section */
		2F01F969219A742A0072EDB7 /* AppDelegate.swift in Sources */ = {isa = PBXBuildFile; fileRef = 2F01F968219A742A0072EDB7 /* AppDelegate.swift */; };
		2F01F96B219A742A0072EDB7 /* ViewController.swift in Sources */ = {isa = PBXBuildFile; fileRef = 2F01F96A219A742A0072EDB7 /* ViewController.swift */; };
		2F01F96E219A742A0072EDB7 /* Main.storyboard in Resources */ = {isa = PBXBuildFile; fileRef = 2F01F96C219A742A0072EDB7 /* Main.storyboard */; };
		2F01F970219A742B0072EDB7 /* Assets.xcassets in Resources */ = {isa = PBXBuildFile; fileRef = 2F01F96F219A742B0072EDB7 /* Assets.xcassets */; };
		2F01F973219A742B0072EDB7 /* LaunchScreen.storyboard in Resources */ = {isa = PBXBuildFile; fileRef = 2F01F971219A742B0072EDB7 /* LaunchScreen.storyboard */; };
		2F01F97E219A742B0072EDB7 /* PTVHealthCheckTests.swift in Sources */ = {isa = PBXBuildFile; fileRef = 2F01F97D219A742B0072EDB7 /* PTVHealthCheckTests.swift */; };
/* End PBXBuildFile section */

/* Begin PBXContainerItemProxy section */
		2F01F97A219A742B0072EDB7 /* PBXContainerItemProxy */ = {
			isa = PBXContainerItemProxy;
			containerPortal = 2F01F95D219A742A0072EDB7 /* Project object */;
			proxyType = 1;
			remoteGlobalIDString = 2F01F964219A742A0072EDB7;
			remoteInfo = PTVHealthCheck;
		};
/* End PBXContainerItemProxy section */

/* Begin PBXFileReference section */
		2F01F965219A742A0072EDB7 /* PTVHealthCheck.app */ = {isa = PBXFileReference; explicitFileType = wrapper.application; includeInIndex = 0; path = PTVHealthCheck.app; sourceTree = BUILT_PRODUCTS_DIR; };
		2F01F968219A742A0072EDB7 /* AppDelegate.swift */ = {isa = PBXFileReference; lastKnownFileType = sourcecode.swift; path = AppDelegate.swift; sourceTree = "<group>"; };
		2F01F96A219A742A0072EDB7 /* ViewController.swift */ = {isa = PBXFileReference; lastKnownFileType = sourcecode.swift; path = ViewController.swift; sourceTree = "<group>"; };
		2F01F96D219A742A0072EDB7 /* Base */ = {isa = PBXFileReference; lastKnownFileType = file.storyboard; name = Base; path = Base.lproj/Main.storyboard; sourceTree = "<group>"; };
		2F01F96F219A742B0072EDB7 /* Assets.xcassets */ = {isa = PBXFileReference; lastKnownFileType = folder.assetcatalog; path = Assets.xcassets; sourceTree = "<group>"; };
		2F01F972219A742B0072EDB7 /* Base */ = {isa = PBXFileReference; lastKnownFileType = file.storyboard; name = Base; path = Base.lproj/LaunchScreen.storyboard; sourceTree = "<group>"; };
		2F01F974219A742B0072EDB7 /* Info.plist */ = {isa = PBXFileReference; lastKnownFileType = text.plist.xml; path = Info.plist; sourceTree = "<group>"; };
		2F01F979219A742B0072EDB7 /* PTVHealthCheckTests.xctest */ = {isa = PBXFileReference; explicitFileType = wrapper.cfbundle; includeInIndex = 0; path = PTVHealthCheckTests.xctest; sourceTree = BUILT_PRODUCTS_DIR; };
		2F01F97D219A742B0072EDB7 /* PTVHealthCheckTests.swift */ = {isa = PBXFileReference; lastKnownFileType = sourcecode.swift; path = PTVHealthCheckTests.swift; sourceTree = "<group>"; };
		2F01F97F219A742B0072EDB7 /* Info.plist */ = {isa = PBXFileReference; lastKnownFileType = text.plist.xml; path = Info.plist; sourceTree = "<group>"; };
/* End PBXFileReference section */

/* Begin PBXFrameworksBuildPhase section */
		2F01F962219A742A0072EDB7 /* Frameworks */ = {
			isa = PBXFrameworksBuildPhase;
			buildActionMask = 2147483647;
			files = (
			);
			runOnlyForDeploymentPostprocessing = 0;
		};
		2F01F976219A742B0072EDB7 /* Frameworks */ = {
			isa = PBXFrameworksBuildPhase;
			buildActionMask = 2147483647;
			files = (
			);
			runOnlyForDeploymentPostprocessing = 0;
		};
/* End PBXFrameworksBuildPhase section */

/* Begin PBXGroup section */
		2F01F95C219A742A0072EDB7 = {
			isa = PBXGroup;
			children = (
				2F01F967219A742A0072EDB7 /* PTVHealthCheck */,
				2F01F97C219A742B0072EDB7 /* PTVHealthCheckTests */,
				2F01F966219A742A0072EDB7 /* Products */,
			);
			sourceTree = "<group>";
		};
		2F01F966219A742A0072EDB7 /* Products */ = {
			isa = PBXGroup;
			children = (
				2F01F965219A742A0072EDB7 /* PTVHealthCheck.app */,
				2F01F979219A742B0072EDB7 /* PTVHealthCheckTests.xctest */,
			);
			name = Products;
			sourceTree = "<group>";
		};
		2F01F967219A742A0072EDB7 /* PTVHealthCheck */ = {
			isa = PBXGroup;
			children = (
				2F01F968219A742A0072EDB7 /* AppDelegate.swift */,
				2F01F96A219A742A0072EDB7 /* ViewController.swift */,
				2F01F96C219A742A0072EDB7 /* Main.storyboard */,
				2F01F96F219A742B0072EDB7 /* Assets.xcassets */,
				2F01F971219A742B0072EDB7 /* LaunchScreen.storyboard */,
				2F01F974219A742B0072EDB7 /* Info.plist */,
			);
			path = PTVHealthCheck;
			sourceTree = "<group>";
		};
		2F01F97C219A742B0072EDB7 /* PTVHealthCheckTests */ = {
			isa = PBXGroup;
			children = (
				2F01F97D219A742B0072EDB7 /* PTVHealthCheckTests.swift */,
				2F01F97F219A742B0072EDB7 /* Info.plist */,
			);
			path = PTVHealthCheckTests;
			sourceTree = "<group>";
		};
/* End PBXGroup section */

/* Begin PBXNativeTarget section */
		2F01F964219A742A0072EDB7 /* PTVHealthCheck */ = {
			isa = PBXNativeTarget;
			buildConfigurationList = 2F01F982219A742B0072EDB7 /* Build configuration list for PBXNativeTarget "PTVHealthCheck" */;
			buildPhases = (
				2F01F961219A742A0072EDB7 /* Sources */,
				2F01F962219A742A0072EDB7 /* Frameworks */,
				2F01F963219A742A0072EDB7 /* Resources */,
			);
			buildRules = (
			);
			dependencies = (
			);
			name = PTVHealthCheck;
			productName = PTVHealthCheck;
			productReference = 2F01F965219A742A0072EDB7 /* PTVHealthCheck.app */;
			productType = "com.apple.product-type.application";
		};
		2F01F978219A742B0072EDB7 /* PTVHealthCheckTests */ = {
			isa = PBXNativeTarget;
			buildConfigurationList = 2F01F985219A742B0072EDB7 /* Build configuration list for PBXNativeTarget "PTVHealthCheckTests" */;
			buildPhases = (
				2F01F975219A742B0072EDB7 /* Sources */,
				2F01F976219A742B0072EDB7 /* Frameworks */,
				2F01F977219A742B0072EDB7 /* Resources */,
			);
			buildRules = (
			);
			dependencies = (
				2F01F97B219A742B0072EDB7 /* PBXTargetDependency */,
			);
			name = PTVHealthCheckTests;
			productName = PTVHealthCheckTests;
			productReference = 2F01F979219A742B0072EDB7 /* PTVHealthCheckTests.xctest */;
			productType = "com.apple.product-type.bundle.unit-test";
		};
/* End PBXNativeTarget section */

/* Begin PBXProject section */
		2F01F95D219A742A0072EDB7 /* Project object */ = {
			isa = PBXProject;
			attributes = {
				LastSwiftUpdateCheck = 1010;
				LastUpgradeCheck = 1010;
				ORGANIZATIONNAME = "Vignesh Sankaran";
				TargetAttributes = {
					2F01F964219A742A0072EDB7 = {
						CreatedOnToolsVersion = 10.1;
					};
					2F01F978219A742B0072EDB7 = {
						CreatedOnToolsVersion = 10.1;
						TestTargetID = 2F01F964219A742A0072EDB7;
					};
				};
			};
			buildConfigurationList = 2F01F960219A742A0072EDB7 /* Build configuration list for PBXProject "PTVHealthCheck" */;
			compatibilityVersion = "Xcode 9.3";
			developmentRegion = en;
			hasScannedForEncodings = 0;
			knownRegions = (
				en,
				Base,
			);
			mainGroup = 2F01F95C219A742A0072EDB7;
			productRefGroup = 2F01F966219A742A0072EDB7 /* Products */;
			projectDirPath = "";
			projectRoot = "";
			targets = (
				2F01F964219A742A0072EDB7 /* PTVHealthCheck */,
				2F01F978219A742B0072EDB7 /* PTVHealthCheckTests */,
			);
		};
/* End PBXProject section */

/* Begin PBXResourcesBuildPhase section */
		2F01F963219A742A0072EDB7 /* Resources */ = {
			isa = PBXResourcesBuildPhase;
			buildActionMask = 2147483647;
			files = (
				2F01F973219A742B0072EDB7 /* LaunchScreen.storyboard in Resources */,
				2F01F970219A742B0072EDB7 /* Assets.xcassets in Resources */,
				2F01F96E219A742A0072EDB7 /* Main.storyboard in Resources */,
			);
			runOnlyForDeploymentPostprocessing = 0;
		};
		2F01F977219A742B0072EDB7 /* Resources */ = {
			isa = PBXResourcesBuildPhase;
			buildActionMask = 2147483647;
			files = (
			);
			runOnlyForDeploymentPostprocessing = 0;
		};
/* End PBXResourcesBuildPhase section */

/* Begin PBXSourcesBuildPhase section */
		2F01F961219A742A0072EDB7 /* Sources */ = {
			isa = PBXSourcesBuildPhase;
			buildActionMask = 2147483647;
			files = (
				2F01F96B219A742A0072EDB7 /* ViewController.swift in Sources */,
				2F01F969219A742A0072EDB7 /* AppDelegate.swift in Sources */,
			);
			runOnlyForDeploymentPostprocessing = 0;
		};
		2F01F975219A742B0072EDB7 /* Sources */ = {
			isa = PBXSourcesBuildPhase;
			buildActionMask = 2147483647;
			files = (
				2F01F97E219A742B0072EDB7 /* PTVHealthCheckTests.swift in Sources */,
			);
			runOnlyForDeploymentPostprocessing = 0;
		};
/* End PBXSourcesBuildPhase section */

/* Begin PBXTargetDependency section */
		2F01F97B219A742B0072EDB7 /* PBXTargetDependency */ = {
			isa = PBXTargetDependency;
			target = 2F01F964219A742A0072EDB7 /* PTVHealthCheck */;
			targetProxy = 2F01F97A219A742B0072EDB7 /* PBXContainerItemProxy */;
		};
/* End PBXTargetDependency section */

/* Begin PBXVariantGroup section */
		2F01F96C219A742A0072EDB7 /* Main.storyboard */ = {
			isa = PBXVariantGroup;
			children = (
				2F01F96D219A742A0072EDB7 /* Base */,
			);
			name = Main.storyboard;
			sourceTree = "<group>";
		};
		2F01F971219A742B0072EDB7 /* LaunchScreen.storyboard */ = {
			isa = PBXVariantGroup;
			children = (
				2F01F972219A742B0072EDB7 /* Base */,
			);
			name = LaunchScreen.storyboard;
			sourceTree = "<group>";
		};
/* End PBXVariantGroup section */

/* Begin XCBuildConfiguration section */
		2F01F980219A742B0072EDB7 /* Debug */ = {
			isa = XCBuildConfiguration;
			buildSettings = {
				ALWAYS_SEARCH_USER_PATHS = NO;
				CLANG_ANALYZER_NONNULL = YES;
				CLANG_ANALYZER_NUMBER_OBJECT_CONVERSION = YES_AGGRESSIVE;
				CLANG_CXX_LANGUAGE_STANDARD = "gnu++14";
				CLANG_CXX_LIBRARY = "libc++";
				CLANG_ENABLE_MODULES = YES;
				CLANG_ENABLE_OBJC_ARC = YES;
				CLANG_ENABLE_OBJC_WEAK = YES;
				CLANG_WARN_BLOCK_CAPTURE_AUTORELEASING = YES;
				CLANG_WARN_BOOL_CONVERSION = YES;
				CLANG_WARN_COMMA = YES;
				CLANG_WARN_CONSTANT_CONVERSION = YES;
				CLANG_WARN_DEPRECATED_OBJC_IMPLEMENTATIONS = YES;
				CLANG_WARN_DIRECT_OBJC_ISA_USAGE = YES_ERROR;
				CLANG_WARN_DOCUMENTATION_COMMENTS = YES;
				CLANG_WARN_EMPTY_BODY = YES;
				CLANG_WARN_ENUM_CONVERSION = YES;
				CLANG_WARN_INFINITE_RECURSION = YES;
				CLANG_WARN_INT_CONVERSION = YES;
				CLANG_WARN_NON_LITERAL_NULL_CONVERSION = YES;
				CLANG_WARN_OBJC_IMPLICIT_RETAIN_SELF = YES;
				CLANG_WARN_OBJC_LITERAL_CONVERSION = YES;
				CLANG_WARN_OBJC_ROOT_CLASS = YES_ERROR;
				CLANG_WARN_RANGE_LOOP_ANALYSIS = YES;
				CLANG_WARN_STRICT_PROTOTYPES = YES;
				CLANG_WARN_SUSPICIOUS_MOVE = YES;
				CLANG_WARN_UNGUARDED_AVAILABILITY = YES_AGGRESSIVE;
				CLANG_WARN_UNREACHABLE_CODE = YES;
				CLANG_WARN__DUPLICATE_METHOD_MATCH = YES;
				CODE_SIGN_IDENTITY = "iPhone Developer";
				COPY_PHASE_STRIP = NO;
				DEBUG_INFORMATION_FORMAT = dwarf;
				ENABLE_STRICT_OBJC_MSGSEND = YES;
				ENABLE_TESTABILITY = YES;
				GCC_C_LANGUAGE_STANDARD = gnu11;
				GCC_DYNAMIC_NO_PIC = NO;
				GCC_NO_COMMON_BLOCKS = YES;
				GCC_OPTIMIZATION_LEVEL = 0;
				GCC_PREPROCESSOR_DEFINITIONS = (
					"DEBUG=1",
					"$(inherited)",
				);
				GCC_WARN_64_TO_32_BIT_CONVERSION = YES;
				GCC_WARN_ABOUT_RETURN_TYPE = YES_ERROR;
				GCC_WARN_UNDECLARED_SELECTOR = YES;
				GCC_WARN_UNINITIALIZED_AUTOS = YES_AGGRESSIVE;
				GCC_WARN_UNUSED_FUNCTION = YES;
				GCC_WARN_UNUSED_VARIABLE = YES;
				IPHONEOS_DEPLOYMENT_TARGET = 12.1;
				MTL_ENABLE_DEBUG_INFO = INCLUDE_SOURCE;
				MTL_FAST_MATH = YES;
				ONLY_ACTIVE_ARCH = YES;
				SDKROOT = iphoneos;
				SWIFT_ACTIVE_COMPILATION_CONDITIONS = DEBUG;
				SWIFT_OPTIMIZATION_LEVEL = "-Onone";
			};
			name = Debug;
		};
		2F01F981219A742B0072EDB7 /* Release */ = {
			isa = XCBuildConfiguration;
			buildSettings = {
				ALWAYS_SEARCH_USER_PATHS = NO;
				CLANG_ANALYZER_NONNULL = YES;
				CLANG_ANALYZER_NUMBER_OBJECT_CONVERSION = YES_AGGRESSIVE;
				CLANG_CXX_LANGUAGE_STANDARD = "gnu++14";
				CLANG_CXX_LIBRARY = "libc++";
				CLANG_ENABLE_MODULES = YES;
				CLANG_ENABLE_OBJC_ARC = YES;
				CLANG_ENABLE_OBJC_WEAK = YES;
				CLANG_WARN_BLOCK_CAPTURE_AUTORELEASING = YES;
				CLANG_WARN_BOOL_CONVERSION = YES;
				CLANG_WARN_COMMA = YES;
				CLANG_WARN_CONSTANT_CONVERSION = YES;
				CLANG_WARN_DEPRECATED_OBJC_IMPLEMENTATIONS = YES;
				CLANG_WARN_DIRECT_OBJC_ISA_USAGE = YES_ERROR;
				CLANG_WARN_DOCUMENTATION_COMMENTS = YES;
				CLANG_WARN_EMPTY_BODY = YES;
				CLANG_WARN_ENUM_CONVERSION = YES;
				CLANG_WARN_INFINITE_RECURSION = YES;
				CLANG_WARN_INT_CONVERSION = YES;
				CLANG_WARN_NON_LITERAL_NULL_CONVERSION = YES;
				CLANG_WARN_OBJC_IMPLICIT_RETAIN_SELF = YES;
				CLANG_WARN_OBJC_LITERAL_CONVERSION = YES;
				CLANG_WARN_OBJC_ROOT_CLASS = YES_ERROR;
				CLANG_WARN_RANGE_LOOP_ANALYSIS = YES;
				CLANG_WARN_STRICT_PROTOTYPES = YES;
				CLANG_WARN_SUSPICIOUS_MOVE = YES;
				CLANG_WARN_UNGUARDED_AVAILABILITY = YES_AGGRESSIVE;
				CLANG_WARN_UNREACHABLE_CODE = YES;
				CLANG_WARN__DUPLICATE_METHOD_MATCH = YES;
				CODE_SIGN_IDENTITY = "iPhone Developer";
				COPY_PHASE_STRIP = NO;
				DEBUG_INFORMATION_FORMAT = "dwarf-with-dsym";
				ENABLE_NS_ASSERTIONS = NO;
				ENABLE_STRICT_OBJC_MSGSEND = YES;
				GCC_C_LANGUAGE_STANDARD = gnu11;
				GCC_NO_COMMON_BLOCKS = YES;
				GCC_WARN_64_TO_32_BIT_CONVERSION = YES;
				GCC_WARN_ABOUT_RETURN_TYPE = YES_ERROR;
				GCC_WARN_UNDECLARED_SELECTOR = YES;
				GCC_WARN_UNINITIALIZED_AUTOS = YES_AGGRESSIVE;
				GCC_WARN_UNUSED_FUNCTION = YES;
				GCC_WARN_UNUSED_VARIABLE = YES;
				IPHONEOS_DEPLOYMENT_TARGET = 12.1;
				MTL_ENABLE_DEBUG_INFO = NO;
				MTL_FAST_MATH = YES;
				SDKROOT = iphoneos;
				SWIFT_COMPILATION_MODE = wholemodule;
				SWIFT_OPTIMIZATION_LEVEL = "-O";
				VALIDATE_PRODUCT = YES;
			};
			name = Release;
		};
		2F01F983219A742B0072EDB7 /* Debug */ = {
			isa = XCBuildConfiguration;
			buildSettings = {
				ASSETCATALOG_COMPILER_APPICON_NAME = AppIcon;
				CODE_SIGN_STYLE = Automatic;
				INFOPLIST_FILE = PTVHealthCheck/Info.plist;
				LD_RUNPATH_SEARCH_PATHS = (
					"$(inherited)",
					"@executable_path/Frameworks",
				);
				PRODUCT_BUNDLE_IDENTIFIER = com.vignesh.PTVHealthCheck;
				PRODUCT_NAME = "$(TARGET_NAME)";
				SWIFT_VERSION = 4.2;
				TARGETED_DEVICE_FAMILY = "1,2";
			};
			name = Debug;
		};
		2F01F984219A742B0072EDB7 /* Release */ = {
			isa = XCBuildConfiguration;
			buildSettings = {
				ASSETCATALOG_COMPILER_APPICON_NAME = AppIcon;
				CODE_SIGN_STYLE = Automatic;
				INFOPLIST_FILE = PTVHealthCheck/Info.plist;
				LD_RUNPATH_SEARCH_PATHS = (
					"$(inherited)",
					"@executable_path/Frameworks",
				);
				PRODUCT_BUNDLE_IDENTIFIER = com.vignesh.PTVHealthCheck;
				PRODUCT_NAME = "$(TARGET_NAME)";
				SWIFT_VERSION = 4.2;
				TARGETED_DEVICE_FAMILY = "1,2";
			};
			name = Release;
		};
		2F01F986219A742B0072EDB7 /* Debug */ = {
			isa = XCBuildConfiguration;
			buildSettings = {
				ALWAYS_EMBED_SWIFT_STANDARD_LIBRARIES = YES;
				BUNDLE_LOADER = "$(TEST_HOST)";
				CODE_SIGN_STYLE = Automatic;
				INFOPLIST_FILE = PTVHealthCheckTests/Info.plist;
				LD_RUNPATH_SEARCH_PATHS = (
					"$(inherited)",
					"@executable_path/Frameworks",
					"@loader_path/Frameworks",
				);
				PRODUCT_BUNDLE_IDENTIFIER = com.vignesh.PTVHealthCheckTests;
				PRODUCT_NAME = "$(TARGET_NAME)";
				SWIFT_VERSION = 4.2;
				TARGETED_DEVICE_FAMILY = "1,2";
				TEST_HOST = "$(BUILT_PRODUCTS_DIR)/PTVHealthCheck.app/PTVHealthCheck";
			};
			name = Debug;
		};
		2F01F987219A742B0072EDB7 /* Release */ = {
			isa = XCBuildConfiguration;
			buildSettings = {
				ALWAYS_EMBED_SWIFT_STANDARD_LIBRARIES = YES;
				BUNDLE_LOADER = "$(TEST_HOST)";
				CODE_SIGN_STYLE = Automatic;
				INFOPLIST_FILE = PTVHealthCheckTests/Info.plist;
				LD_RUNPATH_SEARCH_PATHS = (
					"$(inherited)",
					"@executable_path/Frameworks",
					"@loader_path/Frameworks",
				);
				PRODUCT_BUNDLE_IDENTIFIER = com.vignesh.PTVHealthCheckTests;
				PRODUCT_NAME = "$(TARGET_NAME)";
				SWIFT_VERSION = 4.2;
				TARGETED_DEVICE_FAMILY = "1,2";
				TEST_HOST = "$(BUILT_PRODUCTS_DIR)/PTVHealthCheck.app/PTVHealthCheck";
			};
			name = Release;
		};
/* End XCBuildConfiguration section */

/* Begin XCConfigurationList section */
		2F01F960219A742A0072EDB7 /* Build configuration list for PBXProject "PTVHealthCheck" */ = {
			isa = XCConfigurationList;
			buildConfigurations = (
				2F01F980219A742B0072EDB7 /* Debug */,
				2F01F981219A742B0072EDB7 /* Release */,
			);
			defaultConfigurationIsVisible = 0;
			defaultConfigurationName = Release;
		};
		2F01F982219A742B0072EDB7 /* Build configuration list for PBXNativeTarget "PTVHealthCheck" */ = {
			isa = XCConfigurationList;
			buildConfigurations = (
				2F01F983219A742B0072EDB7 /* Debug */,
				2F01F984219A742B0072EDB7 /* Release */,
			);
			defaultConfigurationIsVisible = 0;
			defaultConfigurationName = Release;
		};
		2F01F985219A742B0072EDB7 /* Build configuration list for PBXNativeTarget "PTVHealthCheckTests" */ = {
			isa = XCConfigurationList;
			buildConfigurations = (
				2F01F986219A742B0072EDB7 /* Debug */,
				2F01F987219A742B0072EDB7 /* Release */,
			);
			defaultConfigurationIsVisible = 0;
			defaultConfigurationName = Release;
		};
/* End XCConfigurationList section */
	};
	rootObject = 2F01F95D219A742A0072EDB7 /* Project object */;
}
